
Microsoft Visual Studio Solution File, Format Version 12.00
# Visual Studio Version 17
VisualStudioVersion = 17.14.36414.22 d17.14
MinimumVisualStudioVersion = 10.0.40219.1
Project("{8BC9CEB8-8B4A-11D0-8D11-00A0C91BC942}") = "Project15", "Project15\Project15.vcxproj", "{FAB89D2D-6CE5-48E0-9CAD-2126BD91C949}"
EndProject
Global
	GlobalSection(SolutionConfigurationPlatforms) = preSolution
		Debug|x64 = Debug|x64
		Debug|x86 = Debug|x86
		Release|x64 = Release|x64
		Release|x86 = Release|x86
	EndGlobalSection
	GlobalSection(ProjectConfigurationPlatforms) = postSolution
		{FAB89D2D-6CE5-48E0-9CAD-2126BD91C949}.Debug|x64.ActiveCfg = Debug|x64
		{FAB89D2D-6CE5-48E0-9CAD-2126BD91C949}.Debug|x64.Build.0 = Debug|x64
		{FAB89D2D-6CE5-48E0-9CAD-2126BD91C949}.Debug|x86.ActiveCfg = Debug|Win32
		{FAB89D2D-6CE5-48E0-9CAD-2126BD91C949}.Debug|x86.Build.0 = Debug|Win32
		{FAB89D2D-6CE5-48E0-9CAD-2126BD91C949}.Release|x64.ActiveCfg = Release|x64
		{FAB89D2D-6CE5-48E0-9CAD-2126BD91C949}.Release|x64.Build.0 = Release|x64
		{FAB89D2D-6CE5-48E0-9CAD-2126BD91C949}.Release|x86.ActiveCfg = Release|Win32
		{FAB89D2D-6CE5-48E0-9CAD-2126BD91C949}.Release|x86.Build.0 = Release|Win32
	EndGlobalSection
	GlobalSection(SolutionProperties) = preSolution
		HideSolutionNode = FALSE
	EndGlobalSection
	GlobalSection(ExtensibilityGlobals) = postSolution
		SolutionGuid = {6A8C6242-E195-4BE4-A0C5-B7A0A974E060}
	EndGlobalSection
EndGlobal
